
Microsoft Visual Studio Solution File, Format Version 12.00
# Visual Studio Version 17
VisualStudioVersion = 17.5.33530.505
MinimumVisualStudioVersion = 10.0.40219.1
Project("{9A19103F-16F7-4668-BE54-9A1E7A4F7556}") = "Backend", "Backend\Backend.csproj", "{3CBF7194-CAF6-4A4E-A75A-F766DFEA60DC}"
EndProject
Project("{9A19103F-16F7-4668-BE54-9A1E7A4F7556}") = "Shared", "Shared\Shared.csproj", "{A5118357-00E3-4A23-BAAE-B3175D746ED0}"
EndProject
Project("{9A19103F-16F7-4668-BE54-9A1E7A4F7556}") = "Frontend", "Frontend\Frontend.csproj", "{7556AAAE-395F-4006-AA9E-BF83A872EE0E}"
EndProject
Global
	GlobalSection(SolutionConfigurationPlatforms) = preSolution
		Debug|Any CPU = Debug|Any CPU
		Release|Any CPU = Release|Any CPU
	EndGlobalSection
	GlobalSection(ProjectConfigurationPlatforms) = postSolution
		{3CBF7194-CAF6-4A4E-A75A-F766DFEA60DC}.Debug|Any CPU.ActiveCfg = Debug|Any CPU
		{3CBF7194-CAF6-4A4E-A75A-F766DFEA60DC}.Debug|Any CPU.Build.0 = Debug|Any CPU
		{3CBF7194-CAF6-4A4E-A75A-F766DFEA60DC}.Release|Any CPU.ActiveCfg = Release|Any CPU
		{3CBF7194-CAF6-4A4E-A75A-F766DFEA60DC}.Release|Any CPU.Build.0 = Release|Any CPU
		{A5118357-00E3-4A23-BAAE-B3175D746ED0}.Debug|Any CPU.ActiveCfg = Debug|Any CPU
		{A5118357-00E3-4A23-BAAE-B3175D746ED0}.Debug|Any CPU.Build.0 = Debug|Any CPU
		{A5118357-00E3-4A23-BAAE-B3175D746ED0}.Release|Any CPU.ActiveCfg = Release|Any CPU
		{A5118357-00E3-4A23-BAAE-B3175D746ED0}.Release|Any CPU.Build.0 = Release|Any CPU
		{7556AAAE-395F-4006-AA9E-BF83A872EE0E}.Debug|Any CPU.ActiveCfg = Debug|Any CPU
		{7556AAAE-395F-4006-AA9E-BF83A872EE0E}.Debug|Any CPU.Build.0 = Debug|Any CPU
		{7556AAAE-395F-4006-AA9E-BF83A872EE0E}.Release|Any CPU.ActiveCfg = Release|Any CPU
		{7556AAAE-395F-4006-AA9E-BF83A872EE0E}.Release|Any CPU.Build.0 = Release|Any CPU
	EndGlobalSection
	GlobalSection(SolutionProperties) = preSolution
		HideSolutionNode = FALSE
	EndGlobalSection
	GlobalSection(ExtensibilityGlobals) = postSolution
		SolutionGuid = {57E22055-53B0-4174-A6E4-AF234058A177}
	EndGlobalSection
EndGlobal
